
Microsoft Visual Studio Solution File, Format Version 12.00
# Visual Studio Version 16
VisualStudioVersion = 16.0.30517.126
MinimumVisualStudioVersion = 10.0.40219.1
Project("{9A19103F-16F7-4668-BE54-9A1E7A4F7556}") = "Project", "Project\Project.csproj", "{1812A50D-DB48-4C66-8F75-164926640308}"
EndProject
Project("{FAE04EC0-301F-11D3-BF4B-00C04F79EFBC}") = "Project.Tests", "Project.Tests\Project.Tests.csproj", "{F5CD82CA-EADB-4AC3-B6F5-D83BBCF3DE99}"
EndProject
Global
	GlobalSection(SolutionConfigurationPlatforms) = preSolution
		Debug|Any CPU = Debug|Any CPU
		Release|Any CPU = Release|Any CPU
	EndGlobalSection
	GlobalSection(ProjectConfigurationPlatforms) = postSolution
		{1812A50D-DB48-4C66-8F75-164926640308}.Debug|Any CPU.ActiveCfg = Debug|Any CPU
		{1812A50D-DB48-4C66-8F75-164926640308}.Debug|Any CPU.Build.0 = Debug|Any CPU
		{1812A50D-DB48-4C66-8F75-164926640308}.Release|Any CPU.ActiveCfg = Release|Any CPU
		{1812A50D-DB48-4C66-8F75-164926640308}.Release|Any CPU.Build.0 = Release|Any CPU
		{F5CD82CA-EADB-4AC3-B6F5-D83BBCF3DE99}.Debug|Any CPU.ActiveCfg = Debug|Any CPU
		{F5CD82CA-EADB-4AC3-B6F5-D83BBCF3DE99}.Debug|Any CPU.Build.0 = Debug|Any CPU
		{F5CD82CA-EADB-4AC3-B6F5-D83BBCF3DE99}.Release|Any CPU.ActiveCfg = Release|Any CPU
		{F5CD82CA-EADB-4AC3-B6F5-D83BBCF3DE99}.Release|Any CPU.Build.0 = Release|Any CPU
	EndGlobalSection
	GlobalSection(SolutionProperties) = preSolution
		HideSolutionNode = FALSE
	EndGlobalSection
	GlobalSection(ExtensibilityGlobals) = postSolution
		SolutionGuid = {0E773A71-B2F9-407C-863F-9720DA28C66F}
	EndGlobalSection
EndGlobal
